# THIS IS AN AUTOGENERATED FILE. DO NOT EDIT THIS FILE DIRECTLY.
# yarn lockfile v1


uikit@^3.0.0-rc.20:
  version "3.10.1"
  resolved "https://registry.yarnpkg.com/uikit/-/uikit-3.10.1.tgz#8862555d8e2e4faf9d4de834d37cab1c41ffe2a4"
  integrity sha512-aUSO+NIb9EVLoWWWYRDlthB0om6jLTWJ/Qhx3mbXKCW2TKGtWGsrdZdlQKAWRHsz/eeog9Eg89DOPtg5ZuMwoA==
