# THIS IS AN AUTOGENERATED FILE. DO NOT EDIT THIS FILE DIRECTLY.
# yarn lockfile v1


jquery@^3.4.0:
  version "3.4.0"
  resolved "https://registry.yarnpkg.com/jquery/-/jquery-3.4.0.tgz#8de513fa0fa4b2c7d2e48a530e26f0596936efdf"
  integrity sha512-ggRCXln9zEqv6OqAGXFEcshF5dSBvCkzj6Gm2gzuR5fWawaX8t7cxKVkkygKODrDAzKdoYw3l/e3pm3vlT4IbQ==

uikit@^3.0.0-rc.20:
  version "3.0.0-rc.20"
  resolved "https://registry.yarnpkg.com/uikit/-/uikit-3.0.0-rc.20.tgz#28623e939ec301ccef0a5d4d5f14ead3aa1ea8c0"
  integrity sha512-LJvZkAHa0xM8JbrRDBUR3EiAYquqjIe638XSNisVvpnBamrJkj67TFOrSLUJbHFj3akMX4F28EJp5vV5MDEdPA==
